
Microsoft Visual Studio Solution File, Format Version 12.00
# Visual Studio 15
VisualStudioVersion = 15.0.28307.1082
MinimumVisualStudioVersion = 10.0.40219.1
Project("{FAE04EC0-301F-11D3-BF4B-00C04F79EFBC}") = "BlobStorageDemo", "BlobStorageDemo.csproj", "{70487051-D3D8-4E88-8D52-13C529081A59}"
EndProject
Global
	GlobalSection(SolutionConfigurationPlatforms) = preSolution
		Debug|Any CPU = Debug|Any CPU
		Release|Any CPU = Release|Any CPU
	EndGlobalSection
	GlobalSection(ProjectConfigurationPlatforms) = postSolution
		{70487051-D3D8-4E88-8D52-13C529081A59}.Debug|Any CPU.ActiveCfg = Debug|Any CPU
		{70487051-D3D8-4E88-8D52-13C529081A59}.Debug|Any CPU.Build.0 = Debug|Any CPU
		{70487051-D3D8-4E88-8D52-13C529081A59}.Release|Any CPU.ActiveCfg = Release|Any CPU
		{70487051-D3D8-4E88-8D52-13C529081A59}.Release|Any CPU.Build.0 = Release|Any CPU
	EndGlobalSection
	GlobalSection(SolutionProperties) = preSolution
		HideSolutionNode = FALSE
	EndGlobalSection
	GlobalSection(ExtensibilityGlobals) = postSolution
		SolutionGuid = {AE0AF8D0-D374-4A14-8917-6FB9F06EB9BA}
	EndGlobalSection
EndGlobal
